// !$*UTF8*$!
{
	archiveVersion = 1;
	classes = {
	};
	objectVersion = 46;
	objects = {

/* Begin PBXBuildFile section */
		38A236C5197C3A4100BB1910 /* Foundation.framework in Frameworks */ = {isa = PBXBuildFile; fileRef = 38A236C4197C3A4100BB1910 /* Foundation.framework */; };
		38A236C8197C3A4100BB1910 /* main.m in Sources */ = {isa = PBXBuildFile; fileRef = 38A236C7197C3A4100BB1910 /* main.m */; };
		38A236CC197C3A4100BB1910 /* WestWorldWithWoman.1 in CopyFiles */ = {isa = PBXBuildFile; fileRef = 38A236CB197C3A4100BB1910 /* WestWorldWithWoman.1 */; };
		38A236E0197C3AD000BB1910 /* LGFEntityBase.m in Sources */ = {isa = PBXBuildFile; fileRef = 38A236D3197C3AD000BB1910 /* LGFEntityBase.m */; };
		38A236E1197C3AD000BB1910 /* LGFEntityMiner.m in Sources */ = {isa = PBXBuildFile; fileRef = 38A236D5197C3AD000BB1910 /* LGFEntityMiner.m */; };
		38A236E2197C3AD000BB1910 /* LGFState.m in Sources */ = {isa = PBXBuildFile; fileRef = 38A236D7197C3AD000BB1910 /* LGFState.m */; };
		38A236E3197C3AD000BB1910 /* LGFStateMinerEnterMineAndDigNuggets.m in Sources */ = {isa = PBXBuildFile; fileRef = 38A236D9197C3AD000BB1910 /* LGFStateMinerEnterMineAndDigNuggets.m */; };
		38A236E4197C3AD000BB1910 /* LGFStateMinerGoHomeAndSleepUntilRested.m in Sources */ = {isa = PBXBuildFile; fileRef = 38A236DB197C3AD000BB1910 /* LGFStateMinerGoHomeAndSleepUntilRested.m */; };
		38A236E5197C3AD000BB1910 /* LGFStateMinerQuenchThirst.m in Sources */ = {isa = PBXBuildFile; fileRef = 38A236DD197C3AD000BB1910 /* LGFStateMinerQuenchThirst.m */; };
		38A236E6197C3AD000BB1910 /* LGFStateMinerVisitBankAndDepositGold.m in Sources */ = {isa = PBXBuildFile; fileRef = 38A236DF197C3AD000BB1910 /* LGFStateMinerVisitBankAndDepositGold.m */; };
		38A236E9197C3B5900BB1910 /* LGFStateMachine.m in Sources */ = {isa = PBXBuildFile; fileRef = 38A236E8197C3B5900BB1910 /* LGFStateMachine.m */; };
/* End PBXBuildFile section */

/* Begin PBXCopyFilesBuildPhase section */
		38A236BF197C3A4100BB1910 /* CopyFiles */ = {
			isa = PBXCopyFilesBuildPhase;
			buildActionMask = 2147483647;
			dstPath = /usr/share/man/man1/;
			dstSubfolderSpec = 0;
			files = (
				38A236CC197C3A4100BB1910 /* WestWorldWithWoman.1 in CopyFiles */,
			);
			runOnlyForDeploymentPostprocessing = 1;
		};
/* End PBXCopyFilesBuildPhase section */

/* Begin PBXFileReference section */
		38A236C1197C3A4100BB1910 /* WestWorldWithWoman */ = {isa = PBXFileReference; explicitFileType = "compiled.mach-o.executable"; includeInIndex = 0; path = WestWorldWithWoman; sourceTree = BUILT_PRODUCTS_DIR; };
		38A236C4197C3A4100BB1910 /* Foundation.framework */ = {isa = PBXFileReference; lastKnownFileType = wrapper.framework; name = Foundation.framework; path = System/Library/Frameworks/Foundation.framework; sourceTree = SDKROOT; };
		38A236C7197C3A4100BB1910 /* main.m */ = {isa = PBXFileReference; lastKnownFileType = sourcecode.c.objc; path = main.m; sourceTree = "<group>"; };
		38A236CA197C3A4100BB1910 /* WestWorldWithWoman-Prefix.pch */ = {isa = PBXFileReference; lastKnownFileType = sourcecode.c.h; path = "WestWorldWithWoman-Prefix.pch"; sourceTree = "<group>"; };
		38A236CB197C3A4100BB1910 /* WestWorldWithWoman.1 */ = {isa = PBXFileReference; lastKnownFileType = text.man; path = WestWorldWithWoman.1; sourceTree = "<group>"; };
		38A236D2197C3AD000BB1910 /* LGFEntityBase.h */ = {isa = PBXFileReference; fileEncoding = 4; lastKnownFileType = sourcecode.c.h; path = LGFEntityBase.h; sourceTree = "<group>"; };
		38A236D3197C3AD000BB1910 /* LGFEntityBase.m */ = {isa = PBXFileReference; fileEncoding = 4; lastKnownFileType = sourcecode.c.objc; path = LGFEntityBase.m; sourceTree = "<group>"; };
		38A236D4197C3AD000BB1910 /* LGFEntityMiner.h */ = {isa = PBXFileReference; fileEncoding = 4; lastKnownFileType = sourcecode.c.h; path = LGFEntityMiner.h; sourceTree = "<group>"; };
		38A236D5197C3AD000BB1910 /* LGFEntityMiner.m */ = {isa = PBXFileReference; fileEncoding = 4; lastKnownFileType = sourcecode.c.objc; path = LGFEntityMiner.m; sourceTree = "<group>"; };
		38A236D6197C3AD000BB1910 /* LGFState.h */ = {isa = PBXFileReference; fileEncoding = 4; lastKnownFileType = sourcecode.c.h; path = LGFState.h; sourceTree = "<group>"; };
		38A236D7197C3AD000BB1910 /* LGFState.m */ = {isa = PBXFileReference; fileEncoding = 4; lastKnownFileType = sourcecode.c.objc; path = LGFState.m; sourceTree = "<group>"; };
		38A236D8197C3AD000BB1910 /* LGFStateMinerEnterMineAndDigNuggets.h */ = {isa = PBXFileReference; fileEncoding = 4; lastKnownFileType = sourcecode.c.h; path = LGFStateMinerEnterMineAndDigNuggets.h; sourceTree = "<group>"; };
		38A236D9197C3AD000BB1910 /* LGFStateMinerEnterMineAndDigNuggets.m */ = {isa = PBXFileReference; fileEncoding = 4; lastKnownFileType = sourcecode.c.objc; path = LGFStateMinerEnterMineAndDigNuggets.m; sourceTree = "<group>"; };
		38A236DA197C3AD000BB1910 /* LGFStateMinerGoHomeAndSleepUntilRested.h */ = {isa = PBXFileReference; fileEncoding = 4; lastKnownFileType = sourcecode.c.h; path = LGFStateMinerGoHomeAndSleepUntilRested.h; sourceTree = "<group>"; };
		38A236DB197C3AD000BB1910 /* LGFStateMinerGoHomeAndSleepUntilRested.m */ = {isa = PBXFileReference; fileEncoding = 4; lastKnownFileType = sourcecode.c.objc; path = LGFStateMinerGoHomeAndSleepUntilRested.m; sourceTree = "<group>"; };
		38A236DC197C3AD000BB1910 /* LGFStateMinerQuenchThirst.h */ = {isa = PBXFileReference; fileEncoding = 4; lastKnownFileType = sourcecode.c.h; path = LGFStateMinerQuenchThirst.h; sourceTree = "<group>"; };
		38A236DD197C3AD000BB1910 /* LGFStateMinerQuenchThirst.m */ = {isa = PBXFileReference; fileEncoding = 4; lastKnownFileType = sourcecode.c.objc; path = LGFStateMinerQuenchThirst.m; sourceTree = "<group>"; };
		38A236DE197C3AD000BB1910 /* LGFStateMinerVisitBankAndDepositGold.h */ = {isa = PBXFileReference; fileEncoding = 4; lastKnownFileType = sourcecode.c.h; path = LGFStateMinerVisitBankAndDepositGold.h; sourceTree = "<group>"; };
		38A236DF197C3AD000BB1910 /* LGFStateMinerVisitBankAndDepositGold.m */ = {isa = PBXFileReference; fileEncoding = 4; lastKnownFileType = sourcecode.c.objc; path = LGFStateMinerVisitBankAndDepositGold.m; sourceTree = "<group>"; };
		38A236E7197C3B5900BB1910 /* LGFStateMachine.h */ = {isa = PBXFileReference; fileEncoding = 4; lastKnownFileType = sourcecode.c.h; path = LGFStateMachine.h; sourceTree = "<group>"; };
		38A236E8197C3B5900BB1910 /* LGFStateMachine.m */ = {isa = PBXFileReference; fileEncoding = 4; lastKnownFileType = sourcecode.c.objc; path = LGFStateMachine.m; sourceTree = "<group>"; };
/* End PBXFileReference section */

/* Begin PBXFrameworksBuildPhase section */
		38A236BE197C3A4100BB1910 /* Frameworks */ = {
			isa = PBXFrameworksBuildPhase;
			buildActionMask = 2147483647;
			files = (
				38A236C5197C3A4100BB1910 /* Foundation.framework in Frameworks */,
			);
			runOnlyForDeploymentPostprocessing = 0;
		};
/* End PBXFrameworksBuildPhase section */

/* Begin PBXGroup section */
		38A236B8197C3A4100BB1910 = {
			isa = PBXGroup;
			children = (
				38A236C6197C3A4100BB1910 /* WestWorldWithWoman */,
				38A236C3197C3A4100BB1910 /* Frameworks */,
				38A236C2197C3A4100BB1910 /* Products */,
			);
			sourceTree = "<group>";
		};
		38A236C2197C3A4100BB1910 /* Products */ = {
			isa = PBXGroup;
			children = (
				38A236C1197C3A4100BB1910 /* WestWorldWithWoman */,
			);
			name = Products;
			sourceTree = "<group>";
		};
		38A236C3197C3A4100BB1910 /* Frameworks */ = {
			isa = PBXGroup;
			children = (
				38A236C4197C3A4100BB1910 /* Foundation.framework */,
			);
			name = Frameworks;
			sourceTree = "<group>";
		};
		38A236C6197C3A4100BB1910 /* WestWorldWithWoman */ = {
			isa = PBXGroup;
			children = (
				38A236D2197C3AD000BB1910 /* LGFEntityBase.h */,
				38A236D3197C3AD000BB1910 /* LGFEntityBase.m */,
				38A236D4197C3AD000BB1910 /* LGFEntityMiner.h */,
				38A236D5197C3AD000BB1910 /* LGFEntityMiner.m */,
				38A236D6197C3AD000BB1910 /* LGFState.h */,
				38A236D7197C3AD000BB1910 /* LGFState.m */,
				38A236D8197C3AD000BB1910 /* LGFStateMinerEnterMineAndDigNuggets.h */,
				38A236D9197C3AD000BB1910 /* LGFStateMinerEnterMineAndDigNuggets.m */,
				38A236DA197C3AD000BB1910 /* LGFStateMinerGoHomeAndSleepUntilRested.h */,
				38A236DB197C3AD000BB1910 /* LGFStateMinerGoHomeAndSleepUntilRested.m */,
				38A236DC197C3AD000BB1910 /* LGFStateMinerQuenchThirst.h */,
				38A236DD197C3AD000BB1910 /* LGFStateMinerQuenchThirst.m */,
				38A236DE197C3AD000BB1910 /* LGFStateMinerVisitBankAndDepositGold.h */,
				38A236DF197C3AD000BB1910 /* LGFStateMinerVisitBankAndDepositGold.m */,
				38A236C7197C3A4100BB1910 /* main.m */,
				38A236CB197C3A4100BB1910 /* WestWorldWithWoman.1 */,
				38A236C9197C3A4100BB1910 /* Supporting Files */,
				38A236E7197C3B5900BB1910 /* LGFStateMachine.h */,
				38A236E8197C3B5900BB1910 /* LGFStateMachine.m */,
			);
			path = WestWorldWithWoman;
			sourceTree = "<group>";
		};
		38A236C9197C3A4100BB1910 /* Supporting Files */ = {
			isa = PBXGroup;
			children = (
				38A236CA197C3A4100BB1910 /* WestWorldWithWoman-Prefix.pch */,
			);
			name = "Supporting Files";
			sourceTree = "<group>";
		};
/* End PBXGroup section */

/* Begin PBXNativeTarget section */
		38A236C0197C3A4100BB1910 /* WestWorldWithWoman */ = {
			isa = PBXNativeTarget;
			buildConfigurationList = 38A236CF197C3A4100BB1910 /* Build configuration list for PBXNativeTarget "WestWorldWithWoman" */;
			buildPhases = (
				38A236BD197C3A4100BB1910 /* Sources */,
				38A236BE197C3A4100BB1910 /* Frameworks */,
				38A236BF197C3A4100BB1910 /* CopyFiles */,
			);
			buildRules = (
			);
			dependencies = (
			);
			name = WestWorldWithWoman;
			productName = WestWorldWithWoman;
			productReference = 38A236C1197C3A4100BB1910 /* WestWorldWithWoman */;
			productType = "com.apple.product-type.tool";
		};
/* End PBXNativeTarget section */

/* Begin PBXProject section */
		38A236B9197C3A4100BB1910 /* Project object */ = {
			isa = PBXProject;
			attributes = {
				LastUpgradeCheck = 0510;
				ORGANIZATIONNAME = "James DeLisle";
			};
			buildConfigurationList = 38A236BC197C3A4100BB1910 /* Build configuration list for PBXProject "WestWorldWithWoman" */;
			compatibilityVersion = "Xcode 3.2";
			developmentRegion = English;
			hasScannedForEncodings = 0;
			knownRegions = (
				en,
			);
			mainGroup = 38A236B8197C3A4100BB1910;
			productRefGroup = 38A236C2197C3A4100BB1910 /* Products */;
			projectDirPath = "";
			projectRoot = "";
			targets = (
				38A236C0197C3A4100BB1910 /* WestWorldWithWoman */,
			);
		};
/* End PBXProject section */

/* Begin PBXSourcesBuildPhase section */
		38A236BD197C3A4100BB1910 /* Sources */ = {
			isa = PBXSourcesBuildPhase;
			buildActionMask = 2147483647;
			files = (
				38A236C8197C3A4100BB1910 /* main.m in Sources */,
				38A236E5197C3AD000BB1910 /* LGFStateMinerQuenchThirst.m in Sources */,
				38A236E6197C3AD000BB1910 /* LGFStateMinerVisitBankAndDepositGold.m in Sources */,
				38A236E9197C3B5900BB1910 /* LGFStateMachine.m in Sources */,
				38A236E1197C3AD000BB1910 /* LGFEntityMiner.m in Sources */,
				38A236E4197C3AD000BB1910 /* LGFStateMinerGoHomeAndSleepUntilRested.m in Sources */,
				38A236E0197C3AD000BB1910 /* LGFEntityBase.m in Sources */,
				38A236E3197C3AD000BB1910 /* LGFStateMinerEnterMineAndDigNuggets.m in Sources */,
				38A236E2197C3AD000BB1910 /* LGFState.m in Sources */,
			);
			runOnlyForDeploymentPostprocessing = 0;
		};
/* End PBXSourcesBuildPhase section */

/* Begin XCBuildConfiguration section */
		38A236CD197C3A4100BB1910 /* Debug */ = {
			isa = XCBuildConfiguration;
			buildSettings = {
				ALWAYS_SEARCH_USER_PATHS = NO;
				CLANG_CXX_LANGUAGE_STANDARD = "gnu++0x";
				CLANG_CXX_LIBRARY = "libc++";
				CLANG_ENABLE_MODULES = YES;
				CLANG_ENABLE_OBJC_ARC = YES;
				CLANG_WARN_BOOL_CONVERSION = YES;
				CLANG_WARN_CONSTANT_CONVERSION = YES;
				CLANG_WARN_DIRECT_OBJC_ISA_USAGE = YES_ERROR;
				CLANG_WARN_EMPTY_BODY = YES;
				CLANG_WARN_ENUM_CONVERSION = YES;
				CLANG_WARN_INT_CONVERSION = YES;
				CLANG_WARN_OBJC_ROOT_CLASS = YES_ERROR;
				CLANG_WARN__DUPLICATE_METHOD_MATCH = YES;
				COPY_PHASE_STRIP = NO;
				GCC_C_LANGUAGE_STANDARD = gnu99;
				GCC_DYNAMIC_NO_PIC = NO;
				GCC_ENABLE_OBJC_EXCEPTIONS = YES;
				GCC_OPTIMIZATION_LEVEL = 0;
				GCC_PREPROCESSOR_DEFINITIONS = (
					"DEBUG=1",
					"$(inherited)",
				);
				GCC_SYMBOLS_PRIVATE_EXTERN = NO;
				GCC_WARN_64_TO_32_BIT_CONVERSION = YES;
				GCC_WARN_ABOUT_RETURN_TYPE = YES_ERROR;
				GCC_WARN_UNDECLARED_SELECTOR = YES;
				GCC_WARN_UNINITIALIZED_AUTOS = YES_AGGRESSIVE;
				GCC_WARN_UNUSED_FUNCTION = YES;
				GCC_WARN_UNUSED_VARIABLE = YES;
				MACOSX_DEPLOYMENT_TARGET = 10.9;
				ONLY_ACTIVE_ARCH = YES;
				SDKROOT = macosx;
			};
			name = Debug;
		};
		38A236CE197C3A4100BB1910 /* Release */ = {
			isa = XCBuildConfiguration;
			buildSettings = {
				ALWAYS_SEARCH_USER_PATHS = NO;
				CLANG_CXX_LANGUAGE_STANDARD = "gnu++0x";
				CLANG_CXX_LIBRARY = "libc++";
				CLANG_ENABLE_MODULES = YES;
				CLANG_ENABLE_OBJC_ARC = YES;
				CLANG_WARN_BOOL_CONVERSION = YES;
				CLANG_WARN_CONSTANT_CONVERSION = YES;
				CLANG_WARN_DIRECT_OBJC_ISA_USAGE = YES_ERROR;
				CLANG_WARN_EMPTY_BODY = YES;
				CLANG_WARN_ENUM_CONVERSION = YES;
				CLANG_WARN_INT_CONVERSION = YES;
				CLANG_WARN_OBJC_ROOT_CLASS = YES_ERROR;
				CLANG_WARN__DUPLICATE_METHOD_MATCH = YES;
				COPY_PHASE_STRIP = YES;
				DEBUG_INFORMATION_FORMAT = "dwarf-with-dsym";
				ENABLE_NS_ASSERTIONS = NO;
				GCC_C_LANGUAGE_STANDARD = gnu99;
				GCC_ENABLE_OBJC_EXCEPTIONS = YES;
				GCC_WARN_64_TO_32_BIT_CONVERSION = YES;
				GCC_WARN_ABOUT_RETURN_TYPE = YES_ERROR;
				GCC_WARN_UNDECLARED_SELECTOR = YES;
				GCC_WARN_UNINITIALIZED_AUTOS = YES_AGGRESSIVE;
				GCC_WARN_UNUSED_FUNCTION = YES;
				GCC_WARN_UNUSED_VARIABLE = YES;
				MACOSX_DEPLOYMENT_TARGET = 10.9;
				SDKROOT = macosx;
			};
			name = Release;
		};
		38A236D0197C3A4100BB1910 /* Debug */ = {
			isa = XCBuildConfiguration;
			buildSettings = {
				GCC_PRECOMPILE_PREFIX_HEADER = YES;
				GCC_PREFIX_HEADER = "WestWorldWithWoman/WestWorldWithWoman-Prefix.pch";
				PRODUCT_NAME = "$(TARGET_NAME)";
			};
			name = Debug;
		};
		38A236D1197C3A4100BB1910 /* Release */ = {
			isa = XCBuildConfiguration;
			buildSettings = {
				GCC_PRECOMPILE_PREFIX_HEADER = YES;
				GCC_PREFIX_HEADER = "WestWorldWithWoman/WestWorldWithWoman-Prefix.pch";
				PRODUCT_NAME = "$(TARGET_NAME)";
			};
			name = Release;
		};
/* End XCBuildConfiguration section */

/* Begin XCConfigurationList section */
		38A236BC197C3A4100BB1910 /* Build configuration list for PBXProject "WestWorldWithWoman" */ = {
			isa = XCConfigurationList;
			buildConfigurations = (
				38A236CD197C3A4100BB1910 /* Debug */,
				38A236CE197C3A4100BB1910 /* Release */,
			);
			defaultConfigurationIsVisible = 0;
			defaultConfigurationName = Release;
		};
		38A236CF197C3A4100BB1910 /* Build configuration list for PBXNativeTarget "WestWorldWithWoman" */ = {
			isa = XCConfigurationList;
			buildConfigurations = (
				38A236D0197C3A4100BB1910 /* Debug */,
				38A236D1197C3A4100BB1910 /* Release */,
			);
			defaultConfigurationIsVisible = 0;
		};
/* End XCConfigurationList section */
	};
	rootObject = 38A236B9197C3A4100BB1910 /* Project object */;
}
